# This file is automatically @generated by Cargo.
# It is not intended for manual editing.
version = 4

[[package]]
name = "chapter2"
version = "0.1.0"

[[package]]
name = "chapter3"
version = "0.1.0"

[[package]]
name = "chapter4"
version = "0.1.0"

[[package]]
name = "chapter5"
version = "0.1.0"

[[package]]
name = "chapter6"
version = "0.1.0"

[[package]]
name = "chapter7"
version = "0.1.0"

[[package]]
name = "solutions_app"
version = "0.1.0"
dependencies = [
 "chapter2",
 "chapter3",
 "chapter4",
 "chapter5",
 "chapter6",
 "chapter7",
]
